# This file is automatically @generated by Poetry 2.1.1 and should not be changed by hand.

[[package]]
name = "asgiref"
version = "3.8.1"
description = "ASGI specs, helper code, and adapters"
optional = false
python-versions = ">=3.8"
groups = ["main"]
files = [
    {file = "asgiref-3.8.1-py3-none-any.whl", hash = "sha256:3e1e3ecc849832fe52ccf2cb6686b7a55f82bb1d6aee72a58826471390335e47"},
    {file = "asgiref-3.8.1.tar.gz", hash = "sha256:c343bd80a0bec947a9860adb4c432ffa7db769836c64238fc34bdc3fec84d590"},
]

[package.extras]
tests = ["mypy (>=0.800)", "pytest", "pytest-asyncio"]

[[package]]
name = "bson"
version = "0.5.10"
description = "BSON codec for Python"
optional = false
python-versions = "*"
groups = ["main"]
files = [
    {file = "bson-0.5.10.tar.gz", hash = "sha256:d6511b2ab051139a9123c184de1a04227262173ad593429d21e443d6462d6590"},
]

[package.dependencies]
python-dateutil = ">=2.4.0"
six = ">=1.9.0"

[[package]]
name = "django"
version = "5.2.3"
description = "A high-level Python web framework that encourages rapid development and clean, pragmatic design."
optional = false
python-versions = ">=3.10"
groups = ["main"]
files = [
    {file = "django-5.2.3-py3-none-any.whl", hash = "sha256:c517a6334e0fd940066aa9467b29401b93c37cec2e61365d663b80922542069d"},
    {file = "django-5.2.3.tar.gz", hash = "sha256:335213277666ab2c5cac44a792a6d2f3d58eb79a80c14b6b160cd4afc3b75684"},
]

[package.dependencies]
asgiref = ">=3.8.1"
sqlparse = ">=0.3.1"
tzdata = {version = "*", markers = "sys_platform == \"win32\""}

[package.extras]
argon2 = ["argon2-cffi (>=19.1.0)"]
bcrypt = ["bcrypt"]

[[package]]
name = "dnspython"
version = "2.7.0"
description = "DNS toolkit"
optional = false
python-versions = ">=3.9"
groups = ["main"]
files = [
    {file = "dnspython-2.7.0-py3-none-any.whl", hash = "sha256:b4c34b7d10b51bcc3a5071e7b8dee77939f1e878477eeecc965e9835f63c6c86"},
    {file = "dnspython-2.7.0.tar.gz", hash = "sha256:ce9c432eda0dc91cf618a5cedf1a4e142651196bbcd2c80e89ed5a907e5cfaf1"},
]

[package.extras]
dev = ["black (>=23.1.0)", "coverage (>=7.0)", "flake8 (>=7)", "hypercorn (>=0.16.0)", "mypy (>=1.8)", "pylint (>=3)", "pytest (>=7.4)", "pytest-cov (>=4.1.0)", "quart-trio (>=0.11.0)", "sphinx (>=7.2.0)", "sphinx-rtd-theme (>=2.0.0)", "twine (>=4.0.0)", "wheel (>=0.42.0)"]
dnssec = ["cryptography (>=43)"]
doh = ["h2 (>=4.1.0)", "httpcore (>=1.0.0)", "httpx (>=0.26.0)"]
doq = ["aioquic (>=1.0.0)"]
idna = ["idna (>=3.7)"]
trio = ["trio (>=0.23)"]
wmi = ["wmi (>=1.5.1)"]

[[package]]
name = "psycopg2"
version = "2.9.10"
description = "psycopg2 - Python-PostgreSQL Database Adapter"
optional = false
python-versions = ">=3.8"
groups = ["main"]
files = [
    {file = "psycopg2-2.9.10-cp310-cp310-win32.whl", hash = "sha256:5df2b672140f95adb453af93a7d669d7a7bf0a56bcd26f1502329166f4a61716"},
    {file = "psycopg2-2.9.10-cp310-cp310-win_amd64.whl", hash = "sha256:c6f7b8561225f9e711a9c47087388a97fdc948211c10a4bccbf0ba68ab7b3b5a"},
    {file = "psycopg2-2.9.10-cp311-cp311-win32.whl", hash = "sha256:47c4f9875125344f4c2b870e41b6aad585901318068acd01de93f3677a6522c2"},
    {file = "psycopg2-2.9.10-cp311-cp311-win_amd64.whl", hash = "sha256:0435034157049f6846e95103bd8f5a668788dd913a7c30162ca9503fdf542cb4"},
    {file = "psycopg2-2.9.10-cp312-cp312-win32.whl", hash = "sha256:65a63d7ab0e067e2cdb3cf266de39663203d38d6a8ed97f5ca0cb315c73fe067"},
    {file = "psycopg2-2.9.10-cp312-cp312-win_amd64.whl", hash = "sha256:4a579d6243da40a7b3182e0430493dbd55950c493d8c68f4eec0b302f6bbf20e"},
    {file = "psycopg2-2.9.10-cp313-cp313-win_amd64.whl", hash = "sha256:91fd603a2155da8d0cfcdbf8ab24a2d54bca72795b90d2a3ed2b6da8d979dee2"},
    {file = "psycopg2-2.9.10-cp39-cp39-win32.whl", hash = "sha256:9d5b3b94b79a844a986d029eee38998232451119ad653aea42bb9220a8c5066b"},
    {file = "psycopg2-2.9.10-cp39-cp39-win_amd64.whl", hash = "sha256:88138c8dedcbfa96408023ea2b0c369eda40fe5d75002c0964c78f46f11fa442"},
    {file = "psycopg2-2.9.10.tar.gz", hash = "sha256:12ec0b40b0273f95296233e8750441339298e6a572f7039da5b260e3c8b60e11"},
]

[[package]]
name = "pymongo"
version = "4.13.1"
description = "PyMongo - the Official MongoDB Python driver"
optional = false
python-versions = ">=3.9"
groups = ["main"]
files = [
    {file = "pymongo-4.13.1-cp310-cp310-macosx_10_9_x86_64.whl", hash = "sha256:90189695c019bf9ea1c701dea20f922bb6c11d0379ebfef4894e227bbac1f67c"},
    {file = "pymongo-4.13.1-cp310-cp310-macosx_11_0_arm64.whl", hash = "sha256:865f76463744169f44f49747ec3b01120a8c98c6d635fb12a5f5a86fcb0a462d"},
    {file = "pymongo-4.13.1-cp310-cp310-manylinux_2_17_aarch64.manylinux2014_aarch64.whl", hash = "sha256:629026d35e41f069a8d49347ff76c7c205cd97b62537da7498b008ceba542c85"},
    {file = "pymongo-4.13.1-cp310-cp310-manylinux_2_17_ppc64le.manylinux2014_ppc64le.whl", hash = "sha256:aad7474fc4b35265bab66b54319d31a7aae948095f8b03ea883ea4997fac98e8"},
    {file = "pymongo-4.13.1-cp310-cp310-manylinux_2_17_s390x.manylinux2014_s390x.whl", hash = "sha256:906db7bbe127bc295a1482226b4ebf55d3f6442424ad5e64f2db164d03e794dd"},
    {file = "pymongo-4.13.1-cp310-cp310-manylinux_2_17_x86_64.manylinux2014_x86_64.whl", hash = "sha256:716584c6af2e849f219da87decda6ac52f786a388f704af9cadc94133dc054e2"},
    {file = "pymongo-4.13.1-cp310-cp310-manylinux_2_5_i686.manylinux1_i686.manylinux_2_17_i686.manylinux2014_i686.whl", hash = "sha256:84f595bc1c1e8c7c784f52e6803540b8963df5ed561bfc2caa8b79111d59e987"},
    {file = "pymongo-4.13.1-cp310-cp310-win32.whl", hash = "sha256:c899acff9404b004ca7ba06ff7e30fb38ddf527431d75a5af6cb1133365c9a40"},
    {file = "pymongo-4.13.1-cp310-cp310-win_amd64.whl", hash = "sha256:78f86db7b94891ba61adbe00d4cf6eeead51bac2fb0cf6b8ec7c954236fe1ca3"},
    {file = "pymongo-4.13.1-cp311-cp311-macosx_10_9_x86_64.whl", hash = "sha256:6249560e51a6e881cca6258d2de1241d30f50d45d8c7fc45205e1776306f44d0"},
    {file = "pymongo-4.13.1-cp311-cp311-macosx_11_0_arm64.whl", hash = "sha256:a2e557dedf2ca26a6ad6a6d41003177de113606256754f70f75d3e6902ae26e9"},
    {file = "pymongo-4.13.1-cp311-cp311-manylinux_2_17_aarch64.manylinux2014_aarch64.whl", hash = "sha256:759c879af24af5a4256e3675180b2d392bb7f009ccf1693fc12af66d38aadea7"},
    {file = "pymongo-4.13.1-cp311-cp311-manylinux_2_17_ppc64le.manylinux2014_ppc64le.whl", hash = "sha256:59ad9f47a95bd330e423fa506714494d84f1af6b4095f3a30f7d69f0ed741d93"},
    {file = "pymongo-4.13.1-cp311-cp311-manylinux_2_17_s390x.manylinux2014_s390x.whl", hash = "sha256:494ce1f93d507e8e170886dbefbef32662ac0cfe5b1734a65b6e523103b7ef3c"},
    {file = "pymongo-4.13.1-cp311-cp311-manylinux_2_17_x86_64.manylinux2014_x86_64.whl", hash = "sha256:7b0d614275cef7457fb0c9ae5831b35361bbb826f09ceb7d289f78c69f8bad45"},
    {file = "pymongo-4.13.1-cp311-cp311-manylinux_2_5_i686.manylinux1_i686.manylinux_2_17_i686.manylinux2014_i686.whl", hash = "sha256:443de2fd340f0b899a59d5b4fd4c773f016e8cbed8075975783bced3583fa0a8"},
    {file = "pymongo-4.13.1-cp311-cp311-win32.whl", hash = "sha256:493c162b783614c69efdfc41ebe9521df6cc5da6be3d25c92535db111e804952"},
    {file = "pymongo-4.13.1-cp311-cp311-win_amd64.whl", hash = "sha256:643b79645944899b2addb4ce03d9a6718dd1f4a0e1fa71fecdc49e6dea072b62"},
    {file = "pymongo-4.13.1-cp312-cp312-macosx_10_13_x86_64.whl", hash = "sha256:47cc337065de00c087260aa8e8b91e1a3688b69cd1b181a478c1e84cf248d41d"},
    {file = "pymongo-4.13.1-cp312-cp312-macosx_11_0_arm64.whl", hash = "sha256:77f5c0d57f381c76f143b951ac8e879d5ea57f7e51a3ecdd906a0d2cd3eb25e1"},
    {file = "pymongo-4.13.1-cp312-cp312-manylinux_2_17_aarch64.manylinux2014_aarch64.whl", hash = "sha256:6cec4206aac402f5097ee5d3f620c0e596f541f4872e91b3c936174d5dcc2d01"},
    {file = "pymongo-4.13.1-cp312-cp312-manylinux_2_17_ppc64le.manylinux2014_ppc64le.whl", hash = "sha256:3078a59ce15625a91963afc5086c69995877df10ea261bb82d099a1bbbe80efe"},
    {file = "pymongo-4.13.1-cp312-cp312-manylinux_2_17_s390x.manylinux2014_s390x.whl", hash = "sha256:0d46d18854fed2196ea85fff3ee985c89658dd8c090292e6b174aa1387fe5dc4"},
    {file = "pymongo-4.13.1-cp312-cp312-manylinux_2_17_x86_64.manylinux2014_x86_64.whl", hash = "sha256:8e994e4e99980a87b73be43b27820d20ff823eb966abd01f2242b71c0723d685"},
    {file = "pymongo-4.13.1-cp312-cp312-manylinux_2_5_i686.manylinux1_i686.manylinux_2_17_i686.manylinux2014_i686.whl", hash = "sha256:f2d58b020d8c71eb9456cb435f355ff0b578259c0cf5a79ca3efab386ebb71de"},
    {file = "pymongo-4.13.1-cp312-cp312-win32.whl", hash = "sha256:0a9db585de9622ea0834833c4d48b873f83d10ec31c7370fb92c87d5f4e1b805"},
    {file = "pymongo-4.13.1-cp312-cp312-win_amd64.whl", hash = "sha256:6823c2783c5da1bb0dc9759387db4f8ac266563f42fdb6709d6b15ca5a7e06b7"},
    {file = "pymongo-4.13.1-cp313-cp313-macosx_10_13_x86_64.whl", hash = "sha256:4fad51a0d951523e5f43d8271d074b700a64f46b347da176646816b9e1540a44"},
    {file = "pymongo-4.13.1-cp313-cp313-macosx_11_0_arm64.whl", hash = "sha256:5a8ca3e3383b2f33fe765e114af37211c3ba2a4654745756a94aa322b1c52523"},
    {file = "pymongo-4.13.1-cp313-cp313-manylinux_2_17_aarch64.manylinux2014_aarch64.whl", hash = "sha256:2c49a8274e79093697f274946e9e78079edf504158790401b538ba417c1cae5d"},
    {file = "pymongo-4.13.1-cp313-cp313-manylinux_2_17_ppc64le.manylinux2014_ppc64le.whl", hash = "sha256:fc7ff2857fb3e9d865230f4226e57045daa9b09bdb21e4c6809f438e85f86fff"},
    {file = "pymongo-4.13.1-cp313-cp313-manylinux_2_17_s390x.manylinux2014_s390x.whl", hash = "sha256:a56960e5e7c2972332879ca5b6bd6bb39df0e344cba3d3cf4513fa2dfce54a1f"},
    {file = "pymongo-4.13.1-cp313-cp313-manylinux_2_17_x86_64.manylinux2014_x86_64.whl", hash = "sha256:df0233ebfab9fe6f9cd41f5931261f53deee0e0b2e0b0fc5a515dc54cf39d789"},
    {file = "pymongo-4.13.1-cp313-cp313-manylinux_2_5_i686.manylinux1_i686.manylinux_2_17_i686.manylinux2014_i686.whl", hash = "sha256:6fb3d549a735c77470187d84d2087495be96cf86ce1dfc91ba3f69bf2abeded2"},
    {file = "pymongo-4.13.1-cp313-cp313-win32.whl", hash = "sha256:5f69576ccb93c1859075493a7890f9a3b3a89fd46427745ce08bc82100d3f60d"},
    {file = "pymongo-4.13.1-cp313-cp313-win_amd64.whl", hash = "sha256:43f618d956b8f97e2483452d0a49d652bb07088c34cbf00917de6d61d31df4f4"},
    {file = "pymongo-4.13.1-cp313-cp313t-macosx_10_13_x86_64.whl", hash = "sha256:bdbfb7828f06f3f1a928abd3e4c67487167e2c85a5598194157edfc732f3a571"},
    {file = "pymongo-4.13.1-cp313-cp313t-macosx_11_0_arm64.whl", hash = "sha256:fab03d9a4107d46864a9797dfedb0645b2dd97dfb2b1ba582e471c0c4e692ebe"},
    {file = "pymongo-4.13.1-cp313-cp313t-manylinux_2_17_aarch64.manylinux2014_aarch64.whl", hash = "sha256:9318befdd8b78c2c4743ab42a86c6b6783209716aa1c5260b3517c6eea8b934c"},
    {file = "pymongo-4.13.1-cp313-cp313t-manylinux_2_17_ppc64le.manylinux2014_ppc64le.whl", hash = "sha256:4e314f863a338c1c716788d3b3a7be566cca8b4351aa637aefa9c2609d1c643e"},
    {file = "pymongo-4.13.1-cp313-cp313t-manylinux_2_17_s390x.manylinux2014_s390x.whl", hash = "sha256:ad6256e8157505052e3b7733e4b0c6038244ff082715f3a2ad8289ccf7ba16ac"},
    {file = "pymongo-4.13.1-cp313-cp313t-manylinux_2_17_x86_64.manylinux2014_x86_64.whl", hash = "sha256:047fde40672831d546fde0f57b494556db1467283864e0faf10a109a87b5153d"},
    {file = "pymongo-4.13.1-cp313-cp313t-manylinux_2_5_i686.manylinux1_i686.manylinux_2_17_i686.manylinux2014_i686.whl", hash = "sha256:a01b02180c6cfb6103cb8a27f2bbd7e017c7e2b3c5e34894c614aa8e63ee17df"},
    {file = "pymongo-4.13.1-cp313-cp313t-win32.whl", hash = "sha256:113fc90ea0c7fd6dc288844c325cab76fce06dfccecf45eac55c384a167abad4"},
    {file = "pymongo-4.13.1-cp313-cp313t-win_amd64.whl", hash = "sha256:6492565cd7bb10cb6104401af446926141249095953b57c108c4bdcf3452fa3d"},
    {file = "pymongo-4.13.1-cp39-cp39-macosx_10_9_x86_64.whl", hash = "sha256:6109e0dd1c814534a0c583a59d7a2e2210b6a0ee2dba98dc6589ad2b53e20f84"},
    {file = "pymongo-4.13.1-cp39-cp39-macosx_11_0_arm64.whl", hash = "sha256:59f5b845773a1d20c6808656a4ca63975f790e3fd5343a4a72ca1506ab852258"},
    {file = "pymongo-4.13.1-cp39-cp39-manylinux_2_17_aarch64.manylinux2014_aarch64.whl", hash = "sha256:eb6c206ad5d3e9e33ed84495e9b1b87af37590256d3274ee62749ac43a5fe2b1"},
    {file = "pymongo-4.13.1-cp39-cp39-manylinux_2_17_ppc64le.manylinux2014_ppc64le.whl", hash = "sha256:99eeb43a318558fe074f88ffaad4ac027ef2a02cdce4f81602a5fbb1332908d0"},
    {file = "pymongo-4.13.1-cp39-cp39-manylinux_2_17_s390x.manylinux2014_s390x.whl", hash = "sha256:86138e17f67fc959b609cf449ddcd3089acdb75d4b1c42a0d2b258128418f5a0"},
    {file = "pymongo-4.13.1-cp39-cp39-manylinux_2_17_x86_64.manylinux2014_x86_64.whl", hash = "sha256:ebf010ad764c81f0f7f85777c9e6684f2bdac65ff113b88a98946826e7318df0"},
    {file = "pymongo-4.13.1-cp39-cp39-manylinux_2_5_i686.manylinux1_i686.manylinux_2_17_i686.manylinux2014_i686.whl", hash = "sha256:784077af7e4c35987132dfe8ee559041bdb07bde17c95cd507275b26cb5c2742"},
    {file = "pymongo-4.13.1-cp39-cp39-manylinux_2_5_i686.manylinux1_i686.whl", hash = "sha256:1ab8f8272f882e24e45772f20134bd0e2ad31b08153a068cf812c377088bb3b1"},
    {file = "pymongo-4.13.1-cp39-cp39-manylinux_2_5_x86_64.manylinux1_x86_64.whl", hash = "sha256:71a6640278af8bc13c9272fdd2df90e62e2cdad8e864ffb04d1a8c7dda0131c1"},
    {file = "pymongo-4.13.1-cp39-cp39-win32.whl", hash = "sha256:01d4b136e2e71c1ecf20cd38222eea154b347b4230eae1db2fa0a4a81ae824cd"},
    {file = "pymongo-4.13.1-cp39-cp39-win_amd64.whl", hash = "sha256:65702467612d338028551fa0f6b3107ef48280d9a21f4cadba0128ee6eea82da"},
    {file = "pymongo-4.13.1.tar.gz", hash = "sha256:08dd70224978831ce7dc76016205d9b56c86aa337077f65a54b672240e7e9d6d"},
]

[package.dependencies]
dnspython = ">=1.16.0,<3.0.0"

[package.extras]
aws = ["pymongo-auth-aws (>=1.1.0,<2.0.0)"]
docs = ["furo (==2024.8.6)", "readthedocs-sphinx-search (>=0.3,<1.0)", "sphinx (>=5.3,<9)", "sphinx-autobuild (>=2020.9.1)", "sphinx-rtd-theme (>=2,<4)", "sphinxcontrib-shellcheck (>=1,<2)"]
encryption = ["certifi ; os_name == \"nt\" or sys_platform == \"darwin\"", "pymongo-auth-aws (>=1.1.0,<2.0.0)", "pymongocrypt (>=1.13.0,<2.0.0)"]
gssapi = ["pykerberos ; os_name != \"nt\"", "winkerberos (>=0.5.0) ; os_name == \"nt\""]
ocsp = ["certifi ; os_name == \"nt\" or sys_platform == \"darwin\"", "cryptography (>=2.5)", "pyopenssl (>=17.2.0)", "requests (<3.0.0)", "service-identity (>=18.1.0)"]
snappy = ["python-snappy"]
test = ["pytest (>=8.2)", "pytest-asyncio (>=0.24.0)"]
zstd = ["zstandard"]

[[package]]
name = "python-dateutil"
version = "2.9.0.post0"
description = "Extensions to the standard Python datetime module"
optional = false
python-versions = "!=3.0.*,!=3.1.*,!=3.2.*,>=2.7"
groups = ["main"]
files = [
    {file = "python-dateutil-2.9.0.post0.tar.gz", hash = "sha256:37dd54208da7e1cd875388217d5e00ebd4179249f90fb72437e91a35459a0ad3"},
    {file = "python_dateutil-2.9.0.post0-py2.py3-none-any.whl", hash = "sha256:a8b2bc7bffae282281c8140a97d3aa9c14da0b136dfe83f850eea9a5f7470427"},
]

[package.dependencies]
six = ">=1.5"

[[package]]
name = "python-decouple"
version = "3.8"
description = "Strict separation of settings from code."
optional = false
python-versions = "*"
groups = ["main"]
files = [
    {file = "python-decouple-3.8.tar.gz", hash = "sha256:ba6e2657d4f376ecc46f77a3a615e058d93ba5e465c01bbe57289bfb7cce680f"},
    {file = "python_decouple-3.8-py3-none-any.whl", hash = "sha256:d0d45340815b25f4de59c974b855bb38d03151d81b037d9e3f463b0c9f8cbd66"},
]

[[package]]
name = "six"
version = "1.17.0"
description = "Python 2 and 3 compatibility utilities"
optional = false
python-versions = "!=3.0.*,!=3.1.*,!=3.2.*,>=2.7"
groups = ["main"]
files = [
    {file = "six-1.17.0-py2.py3-none-any.whl", hash = "sha256:4721f391ed90541fddacab5acf947aa0d3dc7d27b2e1e8eda2be8970586c3274"},
    {file = "six-1.17.0.tar.gz", hash = "sha256:ff70335d468e7eb6ec65b95b99d3a2836546063f63acc5171de367e834932a81"},
]

[[package]]
name = "sqlparse"
version = "0.5.3"
description = "A non-validating SQL parser."
optional = false
python-versions = ">=3.8"
groups = ["main"]
files = [
    {file = "sqlparse-0.5.3-py3-none-any.whl", hash = "sha256:cf2196ed3418f3ba5de6af7e82c694a9fbdbfecccdfc72e281548517081f16ca"},
    {file = "sqlparse-0.5.3.tar.gz", hash = "sha256:09f67787f56a0b16ecdbde1bfc7f5d9c3371ca683cfeaa8e6ff60b4807ec9272"},
]

[package.extras]
dev = ["build", "hatch"]
doc = ["sphinx"]

[[package]]
name = "tzdata"
version = "2025.2"
description = "Provider of IANA time zone data"
optional = false
python-versions = ">=2"
groups = ["main"]
markers = "sys_platform == \"win32\""
files = [
    {file = "tzdata-2025.2-py2.py3-none-any.whl", hash = "sha256:1a403fada01ff9221ca8044d701868fa132215d84beb92242d9acd2147f667a8"},
    {file = "tzdata-2025.2.tar.gz", hash = "sha256:b60a638fcc0daffadf82fe0f57e53d06bdec2f36c4df66280ae79bce6bd6f2b9"},
]

[metadata]
lock-version = "2.1"
python-versions = ">=3.12"
content-hash = "78f9a3aebbf5debf4469dfcf3d833fa6cbeab2a9055636e6a3ad8b8cbd8c1b34"
